
Microsoft Visual Studio Solution File, Format Version 12.00
# Visual Studio 15
VisualStudioVersion = 15.0.28307.572
MinimumVisualStudioVersion = 10.0.40219.1
Project("{FAE04EC0-301F-11D3-BF4B-00C04F79EFBC}") = "Asp.Net.MVC", "Asp.Net.MVC\Asp.Net.MVC.csproj", "{DF75879C-75B2-45CC-BB8F-19E7DECC6579}"
EndProject
Global
	GlobalSection(SolutionConfigurationPlatforms) = preSolution
		Debug|Any CPU = Debug|Any CPU
		Release|Any CPU = Release|Any CPU
	EndGlobalSection
	GlobalSection(ProjectConfigurationPlatforms) = postSolution
		{DF75879C-75B2-45CC-BB8F-19E7DECC6579}.Debug|Any CPU.ActiveCfg = Debug|Any CPU
		{DF75879C-75B2-45CC-BB8F-19E7DECC6579}.Debug|Any CPU.Build.0 = Debug|Any CPU
		{DF75879C-75B2-45CC-BB8F-19E7DECC6579}.Release|Any CPU.ActiveCfg = Release|Any CPU
		{DF75879C-75B2-45CC-BB8F-19E7DECC6579}.Release|Any CPU.Build.0 = Release|Any CPU
	EndGlobalSection
	GlobalSection(SolutionProperties) = preSolution
		HideSolutionNode = FALSE
	EndGlobalSection
	GlobalSection(ExtensibilityGlobals) = postSolution
		SolutionGuid = {D53134E7-7A59-4558-9CC3-3E13DD726853}
	EndGlobalSection
EndGlobal
